
Microsoft Visual Studio Solution File, Format Version 12.00
# Visual Studio Version 16
VisualStudioVersion = 25.0.1700.0
MinimumVisualStudioVersion = 10.0.40219.1
Project("{FAE04EC0-301F-11D3-BF4B-00C04F79EFBC}") = "http-request-test", "http-request-test\http-request-test.csproj", "{F2FC897A-E812-428F-9CC5-D9BAA317FAB5}"
EndProject
Global
	GlobalSection(SolutionConfigurationPlatforms) = preSolution
		Debug|Any CPU = Debug|Any CPU
		Release|Any CPU = Release|Any CPU
	EndGlobalSection
	GlobalSection(ProjectConfigurationPlatforms) = postSolution
		{F2FC897A-E812-428F-9CC5-D9BAA317FAB5}.Debug|Any CPU.ActiveCfg = Debug|Any CPU
		{F2FC897A-E812-428F-9CC5-D9BAA317FAB5}.Debug|Any CPU.Build.0 = Debug|Any CPU
		{F2FC897A-E812-428F-9CC5-D9BAA317FAB5}.Release|Any CPU.ActiveCfg = Release|Any CPU
		{F2FC897A-E812-428F-9CC5-D9BAA317FAB5}.Release|Any CPU.Build.0 = Release|Any CPU
	EndGlobalSection
	GlobalSection(SolutionProperties) = preSolution
		HideSolutionNode = FALSE
	EndGlobalSection
	GlobalSection(ExtensibilityGlobals) = postSolution
		SolutionGuid = {11E3A8C2-01EE-4EAB-9504-9C8611F8D3AD}
	EndGlobalSection
EndGlobal
